// !$*UTF8*$!
{
	archiveVersion = 1;
	classes = {
	};
	objectVersion = 46;
	objects = {

/* Begin PBXBuildFile section */
		05FB4A9DB9F129506A5B1F87 /* vg_mute_on.png */ = {isa = PBXBuildFile; fileRef = C83647BDB70E645A9B6A695B /* vg_mute_on.png */; };
		06E2481A95B16F9F71D5E1AB /* MediaPlayer.framework */ = {isa = PBXBuildFile; fileRef = ED2E4F1F9218427D86B3A724 /* MediaPlayer.framework */; };
		080948BFABF1042E02CF51FA /* Localizable.strings */ = {isa = PBXBuildFile; fileRef = 7CE44A798790F361038D470E /* Localizable.strings */; };
		08D94F8A93EE5DC7E548523B /* CoreBluetooth.framework */ = {isa = PBXBuildFile; fileRef = 841D42DCB391F653A9260F94 /* CoreBluetooth.framework */; };
		0934433AB095EC0BA2290D18 /* appodeal_close_small.png */ = {isa = PBXBuildFile; fileRef = C84D451BA788E9BD5691F3FB /* appodeal_close_small.png */; };
		0BE743C18ED1ED00D5313A55 /* plugin_appodeal_res_bundle/TOWebViewControllerLocalizable.bundle/ */ = {isa = PBXBuildFile; fileRef = 314A403DBBCB3691C0C12E41 /* plugin_appodeal_res_bundle/TOWebViewControllerLocalizable.bundle/ */; };
		0E434D43B79C7AF4088573BD /* MPMutedBtn@3x.png */ = {isa = PBXBuildFile; fileRef = 9B7347209997B706E936954A /* MPMutedBtn@3x.png */; };
		11E94508A2963B2E50541227 /* res */ = {isa = PBXBuildFile; fileRef = 847C4737BB87694BD4544EE6 /* res */; };
		1696453481F97B124F61DA08 /* Social.framework */ = {isa = PBXBuildFile; fileRef = 0186474CBE3071BCD515A915 /* Social.framework */; };
		1BAB4DE2BC310066F9AA2D6C /* MPDAAIcon@2x.png */ = {isa = PBXBuildFile; fileRef = 5D4242CC848967805CBE35DA /* MPDAAIcon@2x.png */; };
		1D60589F0D05DD5A006BFB54 /* Foundation.framework */ = {isa = PBXBuildFile; fileRef = 1D30AB110D05D00D00671497 /* Foundation.framework */; };
		1DF5F4E00D08C38300B7A737 /* UIKit.framework */ = {isa = PBXBuildFile; fileRef = 1DF5F4DF0D08C38300B7A737 /* UIKit.framework */; };
		1ECA4610A7F65936E9D267B0 /* plugin_appodeal_res_bundle/RFMAdSDK.bundle/ */ = {isa = PBXBuildFile; fileRef = 2A964FE5BFC78F0852B4BEBC /* plugin_appodeal_res_bundle/RFMAdSDK.bundle/ */; };
		1F144362907B0C91A9CB4ABF /* MPUnmutedBtn@1x.png */ = {isa = PBXBuildFile; fileRef = 1ED74153A94CCD4C0077FCF4 /* MPUnmutedBtn@1x.png */; };
		225249A69FD82C2413A12BD5 /* appodeal_adbadge@3x.png */ = {isa = PBXBuildFile; fileRef = D1BF4C9FA7595F005B296D8A /* appodeal_adbadge@3x.png */; };
		24914579902A348A8ACB71F7 /* AdSupport.framework */ = {isa = PBXBuildFile; fileRef = DC514F9490A1F06FBBE693F4 /* AdSupport.framework */; };
		259B4D9581E5CBC0BAB6C2CD /* GameController.framework */ = {isa = PBXBuildFile; fileRef = 0DE34E52B3332F0BF7543758 /* GameController.framework */; };
		260344ABB2CC2016E967DC4E /* MPCloseButtonX@3x.png */ = {isa = PBXBuildFile; fileRef = 7E7340EDA6499F0A9871E61B /* MPCloseButtonX@3x.png */; };
		286948E8B21A9604932D4A73 /* MPCloseBtn@3x.png */ = {isa = PBXBuildFile; fileRef = E17349CF90AEED86ABA048C9 /* MPCloseBtn@3x.png */; };
		288765A50DF7441C002DB57D /* CoreGraphics.framework */ = {isa = PBXBuildFile; fileRef = 288765A40DF7441C002DB57D /* CoreGraphics.framework */; };
		2923471C9E9D297B2744A694 /* MobileCoreServices.framework */ = {isa = PBXBuildFile; fileRef = 1F6E4FA2A9475BE1CC620091 /* MobileCoreServices.framework */; };
		2A4F4FB8B92C5362416A1861 /* PluginAppodeal.framework */ = {isa = PBXBuildFile; fileRef = B2E042258274D5F21681DEE3 /* PluginAppodeal.framework */; };
		2ABD415AB5DCFCC8ED5CA80B /* MPUnmutedBtn@2x.png */ = {isa = PBXBuildFile; fileRef = 03C44D0BB4B6EA1B00D4B35B /* MPUnmutedBtn@2x.png */; };
		2CCC4F72B58DAC6DDB94ADBA /* MPCloseBtn@2x.png */ = {isa = PBXBuildFile; fileRef = 5DDB4CE98FC0D1BE1CF1E5B7 /* MPCloseBtn@2x.png */; };
		355140348501BE297F31FEA0 /* plugin_appodeal_res_bundle/MRAID.bundle/ */ = {isa = PBXBuildFile; fileRef = DFE249968E4FD18627E1D1A4 /* plugin_appodeal_res_bundle/MRAID.bundle/ */; };
		394749BAA23A86D519900116 /* EventKitUI.framework */ = {isa = PBXBuildFile; fileRef = D1B1499599B4EEA02B144CDA /* EventKitUI.framework */; };
		3E774A1781BD0DFE0921700C /* CoreImage.framework */ = {isa = PBXBuildFile; fileRef = 8A2C463E94E1E88A1CEFF9CF /* CoreImage.framework */; };
		3F0B4BFD87D0046F1D5AF096 /* libc++.tbd */ = {isa = PBXBuildFile; fileRef = 6E1744C08EC98F57B9B8C4A4 /* libc++.tbd */; };
		4056451091961BC1F133C6A8 /* appodeal_mute_on.png */ = {isa = PBXBuildFile; fileRef = BDDB44E3BD49851B09433EBD /* appodeal_mute_on.png */; };
		46880B8819C43A87006E1F66 /* AppDelegate.cpp */ = {isa = PBXBuildFile; fileRef = 46880B8419C43A87006E1F66 /* AppDelegate.cpp */; };
		46880B8A19C43A87006E1F66 /* HelloWorldScene.cpp */ = {isa = PBXBuildFile; fileRef = 46880B8619C43A87006E1F66 /* HelloWorldScene.cpp */; };
		4A4242B4AED55EAF591F6E0F /* MPPlayBtn@2x.png */ = {isa = PBXBuildFile; fileRef = D5C24716913A1D8521CD7852 /* MPPlayBtn@2x.png */; };
		4A4C4A6094FB5EF38A02A466 /* MPCloseBtn.png */ = {isa = PBXBuildFile; fileRef = 038E4B1E81E98447F99F9F6E /* MPCloseBtn.png */; };
		4AF24228B721699D68B0EB58 /* libcocos2d iOS.a */ = {isa = PBXBuildFile; fileRef = EC054D038170C9031CB136DE /* libcocos2d iOS.a */; };
		503AE10017EB989F00D1A890 /* AppController.mm */ = {isa = PBXBuildFile; fileRef = 503AE0FB17EB989F00D1A890 /* AppController.mm */; };
		503AE10117EB989F00D1A890 /* main.m */ = {isa = PBXBuildFile; fileRef = 503AE0FC17EB989F00D1A890 /* main.m */; };
		503AE10217EB989F00D1A890 /* RootViewController.mm */ = {isa = PBXBuildFile; fileRef = 503AE0FF17EB989F00D1A890 /* RootViewController.mm */; };
		5087E77D17EB970100C73F5D /* Default-568h@2x.png */ = {isa = PBXBuildFile; fileRef = 5087E77217EB970100C73F5D /* Default-568h@2x.png */; };
		5087E77E17EB970100C73F5D /* Default.png */ = {isa = PBXBuildFile; fileRef = 5087E77317EB970100C73F5D /* Default.png */; };
		5087E77F17EB970100C73F5D /* Default@2x.png */ = {isa = PBXBuildFile; fileRef = 5087E77417EB970100C73F5D /* Default@2x.png */; };
		5087E78017EB970100C73F5D /* Icon-114.png */ = {isa = PBXBuildFile; fileRef = 5087E77517EB970100C73F5D /* Icon-114.png */; };
		5087E78117EB970100C73F5D /* Icon-120.png */ = {isa = PBXBuildFile; fileRef = 5087E77617EB970100C73F5D /* Icon-120.png */; };
		5087E78217EB970100C73F5D /* Icon-144.png */ = {isa = PBXBuildFile; fileRef = 5087E77717EB970100C73F5D /* Icon-144.png */; };
		5087E78317EB970100C73F5D /* Icon-152.png */ = {isa = PBXBuildFile; fileRef = 5087E77817EB970100C73F5D /* Icon-152.png */; };
		5087E78417EB970100C73F5D /* Icon-57.png */ = {isa = PBXBuildFile; fileRef = 5087E77917EB970100C73F5D /* Icon-57.png */; };
		5087E78517EB970100C73F5D /* Icon-72.png */ = {isa = PBXBuildFile; fileRef = 5087E77A17EB970100C73F5D /* Icon-72.png */; };
		5087E78617EB970100C73F5D /* Icon-76.png */ = {isa = PBXBuildFile; fileRef = 5087E77B17EB970100C73F5D /* Icon-76.png */; };
		50EF629617ECD46A001EB2F8 /* Icon-40.png */ = {isa = PBXBuildFile; fileRef = 50EF629217ECD46A001EB2F8 /* Icon-40.png */; };
		50EF629717ECD46A001EB2F8 /* Icon-58.png */ = {isa = PBXBuildFile; fileRef = 50EF629317ECD46A001EB2F8 /* Icon-58.png */; };
		50EF629817ECD46A001EB2F8 /* Icon-80.png */ = {isa = PBXBuildFile; fileRef = 50EF629417ECD46A001EB2F8 /* Icon-80.png */; };
		50EF629917ECD46A001EB2F8 /* Icon-100.png */ = {isa = PBXBuildFile; fileRef = 50EF629517ECD46A001EB2F8 /* Icon-100.png */; };
		50EF62A217ECD613001EB2F8 /* Icon-29.png */ = {isa = PBXBuildFile; fileRef = 50EF62A017ECD613001EB2F8 /* Icon-29.png */; };
		50EF62A317ECD613001EB2F8 /* Icon-50.png */ = {isa = PBXBuildFile; fileRef = 50EF62A117ECD613001EB2F8 /* Icon-50.png */; };
		521A8E6419F0C34300D177D7 /* Default-667h@2x.png */ = {isa = PBXBuildFile; fileRef = 521A8E6219F0C34300D177D7 /* Default-667h@2x.png */; };
		521A8E6519F0C34300D177D7 /* Default-736h@3x.png */ = {isa = PBXBuildFile; fileRef = 521A8E6319F0C34300D177D7 /* Default-736h@3x.png */; };
		52B47A471A53D09C004E4C60 /* Security.framework */ = {isa = PBXBuildFile; fileRef = 52B47A461A53D09B004E4C60 /* Security.framework */; };
		54AF4E1283E20535F5D7CAE5 /* libsqlite3.tbd */ = {isa = PBXBuildFile; fileRef = 830D41B4AE4E4410DE0A89D1 /* libsqlite3.tbd */; };
		55544FB8B0949BD330158B28 /* appodeal_adbadge.png */ = {isa = PBXBuildFile; fileRef = 97914D34B680A7C202EF430F /* appodeal_adbadge.png */; };
		58F7442D8C19A1B5EA54F783 /* plugin_appodeal_res_bundle/StartApp.bundle/ */ = {isa = PBXBuildFile; fileRef = 91444C809AC0D0F72C07D26D /* plugin_appodeal_res_bundle/StartApp.bundle/ */; };
		5A524183AED76B2BB8C5DD95 /* MPMutedBtn@2x.png */ = {isa = PBXBuildFile; fileRef = B0DE4A14B9181A19A0F96B7E /* MPMutedBtn@2x.png */; };
		5A83439BB23963CE4210844B /* appodeal_mute_off_small.png */ = {isa = PBXBuildFile; fileRef = F03C4704A3D156B023F7E37C /* appodeal_mute_off_small.png */; };
		5C78486998C4F3FFF25B6B9C /* TOWebViewControllerLocalizable.strings */ = {isa = PBXBuildFile; fileRef = E5BD4A75BBC7B02D5536FB12 /* TOWebViewControllerLocalizable.strings */; };
		5D7B4886BD869104CDE855F3 /* CoreMedia.framework */ = {isa = PBXBuildFile; fileRef = 0C02455CA1DC85CB7A60B5A8 /* CoreMedia.framework */; };
		5FDB4ECE8FF0E8217EC75B07 /* CoreFoundation.framework */ = {isa = PBXBuildFile; fileRef = 92244838BBC8CAC09728DDD1 /* CoreFoundation.framework */; };
		625442F1B04207A8DEDE7CD3 /* MPMutedBtn@1x.png */ = {isa = PBXBuildFile; fileRef = AFDE458796BEDFD551099DE8 /* MPMutedBtn@1x.png */; };
		68AF4A57A2DD356DA65E2182 /* Twitter.framework */ = {isa = PBXBuildFile; fileRef = E8574F2FACE172140BFFE721 /* Twitter.framework */; };
		697E444C951A70FFA65D45BE /* MPUnmutedBtn@3x.png */ = {isa = PBXBuildFile; fileRef = 72DB4334AEA89CCC7E9F7088 /* MPUnmutedBtn@3x.png */; };
		69AD4F389CFEA071F66BAEBB /* MPPlayBtn@3x.png */ = {isa = PBXBuildFile; fileRef = B9E74E58ADD45BFD5507EE2A /* MPPlayBtn@3x.png */; };
		6BB24D5A93B27CE25FDBAA33 /* appodeal_adbadge@2x.png */ = {isa = PBXBuildFile; fileRef = C8FC4866810ADBDF5E40AD24 /* appodeal_adbadge@2x.png */; };
		7047439C89FAA2B5412E3B17 /* appodeal_pattern.png */ = {isa = PBXBuildFile; fileRef = 395F4DD8805F8A58A534A874 /* appodeal_pattern.png */; };
		708C4D34992662BB970A6D25 /* MPDAAIcon@3x.png */ = {isa = PBXBuildFile; fileRef = C18649629E5DED110CD69166 /* MPDAAIcon@3x.png */; };
		70F74F93B160EED0F617497D /* plugin_appodeal_res_bundle/AdManagerAssets.bundle/ */ = {isa = PBXBuildFile; fileRef = B3DB47E3812C8277679CB96C /* plugin_appodeal_res_bundle/AdManagerAssets.bundle/ */; };
		7247424CA19814FB70EDC546 /* MPDAAIcon.png */ = {isa = PBXBuildFile; fileRef = 6F0847199F5B0C3EBB561D33 /* MPDAAIcon.png */; };
		772F4AD7BAFCD1C370771A8B /* appodeal_mute_on_small.png */ = {isa = PBXBuildFile; fileRef = 10D7417C95F164063FDAD077 /* appodeal_mute_on_small.png */; };
		778E4E3EB69AB77EAF67D5CC /* vg_privacy.png */ = {isa = PBXBuildFile; fileRef = 109549C4AFA9989C8A26B32A /* vg_privacy.png */; };
		7BF644D6AC15965A0425C280 /* MessageUI.framework */ = {isa = PBXBuildFile; fileRef = F2554C57BB3CF6F4A668B5BB /* MessageUI.framework */; };
		8631460B9BD9111279B4F37E /* MPAdBrowserController.nib */ = {isa = PBXBuildFile; fileRef = D0664DC7974CE35AFCCD3BE7 /* MPAdBrowserController.nib */; };
		88954C24A8CE11A7413C5A57 /* sdkbox.framework */ = {isa = PBXBuildFile; fileRef = DFD149B3BB5C6C64DD9A87D4 /* sdkbox.framework */; };
		922D4BEB9B24086EF172F188 /* appodeal_close.png */ = {isa = PBXBuildFile; fileRef = 8C7A4700B1C835F0CA9863AA /* appodeal_close.png */; };
		92A349FEA5C1502B9055F521 /* appodeal_close_smal.png */ = {isa = PBXBuildFile; fileRef = 56E646B89F293EF6B5D6F317 /* appodeal_close_smal.png */; };
		9348444EB074D59616B8DA10 /* MPPlayBtn.png */ = {isa = PBXBuildFile; fileRef = AEE04C39B32AC5E51D165257 /* MPPlayBtn.png */; };
		96BA43B0908AB286E00F895A /* vg_close.png */ = {isa = PBXBuildFile; fileRef = ACC84B4D9986C8AB4B0DD4D2 /* vg_close.png */; };
		9990406781542C8E155CD1F5 /* appodeal_daa_icon.png */ = {isa = PBXBuildFile; fileRef = E0B64A6FA1DC94D97B464673 /* appodeal_daa_icon.png */; };
		9EC14639B4E5E9417D8A177D /* sdkbox_config.json */ = {isa = PBXBuildFile; fileRef = 5FFA4BDD823800F08AA9A2DB /* sdkbox_config.json */; };
		9F8A48DBB09C73D13FC6FC48 /*  */ = {isa = PBXBuildFile; fileRef = C27C445085620179E56F5F5F /*  */; };
		A663470A99BE2DFD6C0EDEA1 /* StoreKit.framework */ = {isa = PBXBuildFile; fileRef = 9A1E43CBA652359EF6A87893 /* StoreKit.framework */; };
		A7E84F4ABE0F51AAD77609C1 /* vg_cta.png */ = {isa = PBXBuildFile; fileRef = AE064A9A873E02E6516E4476 /* vg_cta.png */; };
		AC864A6F9EA5ED15A5D3961F /* plugin_appodeal_res_bundle/SVProgressHUD.bundle/ */ = {isa = PBXBuildFile; fileRef = D6B94523B9E91EB67092FB65 /* plugin_appodeal_res_bundle/SVProgressHUD.bundle/ */; };
		ADE447A48273212AAD13E1DB /* CFNetwork.framework */ = {isa = PBXBuildFile; fileRef = C6BD47A7904AC2DA66FA919A /* CFNetwork.framework */; };
		AE944096A2076B4E535A0A7E /* libz.tbd */ = {isa = PBXBuildFile; fileRef = 8552421B911510205A5802C4 /* libz.tbd */; };
		B12349899E9BA895A466A2FC /* __vungle.db */ = {isa = PBXBuildFile; fileRef = 346A441EB4DE59BB3EED4E4D /* __vungle.db */; };
		B78F4BC58D610509095F135D /* MPCloseButtonX@2x.png */ = {isa = PBXBuildFile; fileRef = 8A1642C8A53E33BF2E9BADF8 /* MPCloseButtonX@2x.png */; };
		BF171245129291EC00B8313A /* OpenGLES.framework */ = {isa = PBXBuildFile; fileRef = BF170DB012928DE900B8313A /* OpenGLES.framework */; };
		BF1712471292920000B8313A /* libz.dylib */ = {isa = PBXBuildFile; fileRef = BF170DB412928DE900B8313A /* libz.dylib */; };
		BF1C47F01293687400B63C5D /* QuartzCore.framework */ = {isa = PBXBuildFile; fileRef = BF1C47EA1293683800B63C5D /* QuartzCore.framework */; };
		C53E444CBCF98C31C4CA39B3 /* JavaScriptCore.framework */ = {isa = PBXBuildFile; fileRef = F1AB4D41BB0628723D59AC68 /* JavaScriptCore.framework */; };
		C74C460D9A6CEE3515C96021 /* appodeal_mute_off.png */ = {isa = PBXBuildFile; fileRef = AFD74A3383A84B09F67920D0 /* appodeal_mute_off.png */; };
		CAB54EC38ED6570E0897ED96 /* CoreTelephony.framework */ = {isa = PBXBuildFile; fileRef = 1C7242298E408F0006B7BED0 /* CoreTelephony.framework */; };
		CE5F4FCC9881CAF6A8203F43 /* appodeal_pattern@2x.png */ = {isa = PBXBuildFile; fileRef = 817D4AF697434668A90D00A9 /* appodeal_pattern@2x.png */; };
		D055470D9F4477D92235FC1B /* SystemConfiguration.framework */ = {isa = PBXBuildFile; fileRef = 1B2E414B87F5C1369C7F5EA7 /* SystemConfiguration.framework */; };
		D07B4531B05C4F6D187A3C79 /* MPCloseButtonX.png */ = {isa = PBXBuildFile; fileRef = 32A7494D8ED0C82CDCA56C64 /* MPCloseButtonX.png */; };
		D0D84405967705A4D56ECA6E /* plugin_appodeal_res_bundle/UnityAds.bundle/ */ = {isa = PBXBuildFile; fileRef = 69E541AE85EB922F738F28B3 /* plugin_appodeal_res_bundle/UnityAds.bundle/ */; };
		D436463FAD19290F32379E23 /* CoreLocation.framework */ = {isa = PBXBuildFile; fileRef = 032B428EB3763054B9D9F587 /* CoreLocation.framework */; };
		D44C620C132DFF330009C878 /* OpenAL.framework */ = {isa = PBXBuildFile; fileRef = D44C620B132DFF330009C878 /* OpenAL.framework */; };
		D44C620E132DFF430009C878 /* AVFoundation.framework */ = {isa = PBXBuildFile; fileRef = D44C620D132DFF430009C878 /* AVFoundation.framework */; };
		D44C6210132DFF4E0009C878 /* AudioToolbox.framework */ = {isa = PBXBuildFile; fileRef = D44C620F132DFF4E0009C878 /* AudioToolbox.framework */; };
		D4DB4537B7D7153A3A606791 /* InfoPlist.strings */ = {isa = PBXBuildFile; fileRef = 06CD4039ACA9B732755E0240 /* InfoPlist.strings */; };
		D6B0611B1803AB670077942B /* CoreMotion.framework */ = {isa = PBXBuildFile; fileRef = D6B0611A1803AB670077942B /* CoreMotion.framework */; };
		DE8342D98E8131D7764D8760 /* vg_mute_off.png */ = {isa = PBXBuildFile; fileRef = 8A424A98B8FC6F4CBF3C0687 /* vg_mute_off.png */; };
		E1CD4A2F88EBE8D268EFE06C /* WebKit.framework */ = {isa = PBXBuildFile; fileRef = 93014B85B97F47CD27DC57CA /* WebKit.framework */; };
		E7384A31906FB2A9336C3DA6 /* Appodeal.framework */ = {isa = PBXBuildFile; fileRef = 5A4B43B58937C229F3057FDE /* Appodeal.framework */; };
		EABD4B3DA61D496298B672CA /* EventKit.framework */ = {isa = PBXBuildFile; fileRef = 166C470A81585AE6F1215121 /* EventKit.framework */; };
		ED545A7C1B68A1F400C3958E /* libiconv.dylib */ = {isa = PBXBuildFile; fileRef = ED545A7B1B68A1F400C3958E /* libiconv.dylib */; };
		FCBC4367A26BB651C20F1F72 /* libxml2.2.tbd */ = {isa = PBXBuildFile; fileRef = 689F4CBEB64A605588AB25BC /* libxml2.2.tbd */; };
/* End PBXBuildFile section */

/* Begin PBXFileReference section */
		0186474CBE3071BCD515A915 /* Social.framework */ = {isa = PBXFileReference; lastKnownFileType = wrapper.framework; name = Social.framework; path = Platforms/iPhoneOS.platform/Developer/SDKs/iPhoneOS.sdk/System/Library/Frameworks/Social.framework; sourceTree = DEVELOPER_DIR; };
		018D4F84A45BAD2DE2C1DA4B /* zh-Hans */ = {isa = PBXFileReference; lastKnownFileType = text.plist.strings; name = zh-Hans; path = plugin_appodeal_res_bundle/Appodeal.bundle/zh-Hans.lproj/Localizable.strings; sourceTree = SOURCE_ROOT; };
		032B428EB3763054B9D9F587 /* CoreLocation.framework */ = {isa = PBXFileReference; lastKnownFileType = wrapper.framework; name = CoreLocation.framework; path = Platforms/iPhoneOS.platform/Developer/SDKs/iPhoneOS.sdk/System/Library/Frameworks/CoreLocation.framework; sourceTree = DEVELOPER_DIR; };
		038E4B1E81E98447F99F9F6E /* MPCloseBtn.png */ = {isa = PBXFileReference; lastKnownFileType = image.png; name = MPCloseBtn.png; path = plugin_appodeal_res_bundle/MPCloseBtn.png; sourceTree = SOURCE_ROOT; };
		03C44D0BB4B6EA1B00D4B35B /* MPUnmutedBtn@2x.png */ = {isa = PBXFileReference; lastKnownFileType = image.png; name = "MPUnmutedBtn@2x.png"; path = "plugin_appodeal_res_bundle/MPUnmutedBtn@2x.png"; sourceTree = SOURCE_ROOT; };
		05BA4B53BDEBCAB13630427F /* es */ = {isa = PBXFileReference; lastKnownFileType = text.plist.strings; name = es; path = plugin_appodeal_res_bundle/TOWebViewControllerLocalizable.bundle/es.lproj/TOWebViewControllerLocalizable.strings; sourceTree = SOURCE_ROOT; };
		0C02455CA1DC85CB7A60B5A8 /* CoreMedia.framework */ = {isa = PBXFileReference; lastKnownFileType = wrapper.framework; name = CoreMedia.framework; path = Platforms/iPhoneOS.platform/Developer/SDKs/iPhoneOS.sdk/System/Library/Frameworks/CoreMedia.framework; sourceTree = DEVELOPER_DIR; };
		0DE34E52B3332F0BF7543758 /* GameController.framework */ = {isa = PBXFileReference; lastKnownFileType = wrapper.framework; name = GameController.framework; path = Platforms/iPhoneOS.platform/Developer/SDKs/iPhoneOS.sdk/System/Library/Frameworks/GameController.framework; sourceTree = DEVELOPER_DIR; };
		109549C4AFA9989C8A26B32A /* vg_privacy.png */ = {isa = PBXFileReference; lastKnownFileType = image.png; name = vg_privacy.png; path = plugin_appodeal_res_bundle/vg_privacy.png; sourceTree = SOURCE_ROOT; };
		10D7417C95F164063FDAD077 /* appodeal_mute_on_small.png */ = {isa = PBXFileReference; lastKnownFileType = image.png; name = appodeal_mute_on_small.png; path = plugin_appodeal_res_bundle/appodeal_mute_on_small.png; sourceTree = SOURCE_ROOT; };
		166C470A81585AE6F1215121 /* EventKit.framework */ = {isa = PBXFileReference; lastKnownFileType = wrapper.framework; name = EventKit.framework; path = Platforms/iPhoneOS.platform/Developer/SDKs/iPhoneOS.sdk/System/Library/Frameworks/EventKit.framework; sourceTree = DEVELOPER_DIR; };
		1ACB3243164770DE00914215 /* libcurl.a */ = {isa = PBXFileReference; lastKnownFileType = archive.ar; name = libcurl.a; path = ../../cocos2dx/platform/third_party/ios/libraries/libcurl.a; sourceTree = "<group>"; };
		1B2E414B87F5C1369C7F5EA7 /* SystemConfiguration.framework */ = {isa = PBXFileReference; lastKnownFileType = wrapper.framework; name = SystemConfiguration.framework; path = Platforms/iPhoneOS.platform/Developer/SDKs/iPhoneOS.sdk/System/Library/Frameworks/SystemConfiguration.framework; sourceTree = DEVELOPER_DIR; };
		1C7242298E408F0006B7BED0 /* CoreTelephony.framework */ = {isa = PBXFileReference; lastKnownFileType = wrapper.framework; name = CoreTelephony.framework; path = Platforms/iPhoneOS.platform/Developer/SDKs/iPhoneOS.sdk/System/Library/Frameworks/CoreTelephony.framework; sourceTree = DEVELOPER_DIR; };
		1D30AB110D05D00D00671497 /* Foundation.framework */ = {isa = PBXFileReference; lastKnownFileType = wrapper.framework; name = Foundation.framework; path = System/Library/Frameworks/Foundation.framework; sourceTree = SDKROOT; };
		1D6058910D05DD3D006BFB54 /* appodeal_cpp-mobile.app */ = {isa = PBXFileReference; explicitFileType = wrapper.application; includeInIndex = 0; path = appodeal_cpp-mobile.app; sourceTree = BUILT_PRODUCTS_DIR; };
		1DF5F4DF0D08C38300B7A737 /* UIKit.framework */ = {isa = PBXFileReference; lastKnownFileType = wrapper.framework; name = UIKit.framework; path = System/Library/Frameworks/UIKit.framework; sourceTree = SDKROOT; };
		1ED74153A94CCD4C0077FCF4 /* MPUnmutedBtn@1x.png */ = {isa = PBXFileReference; lastKnownFileType = image.png; name = "MPUnmutedBtn@1x.png"; path = "plugin_appodeal_res_bundle/MPUnmutedBtn@1x.png"; sourceTree = SOURCE_ROOT; };
		1F6E4FA2A9475BE1CC620091 /* MobileCoreServices.framework */ = {isa = PBXFileReference; lastKnownFileType = wrapper.framework; name = MobileCoreServices.framework; path = Platforms/iPhoneOS.platform/Developer/SDKs/iPhoneOS.sdk/System/Library/Frameworks/MobileCoreServices.framework; sourceTree = DEVELOPER_DIR; };
		23BF41E7BF832811A1BB113D /* ko */ = {isa = PBXFileReference; lastKnownFileType = text.plist.strings; name = ko; path = plugin_appodeal_res_bundle/TOWebViewControllerLocalizable.bundle/ko.lproj/TOWebViewControllerLocalizable.strings; sourceTree = SOURCE_ROOT; };
		288765A40DF7441C002DB57D /* CoreGraphics.framework */ = {isa = PBXFileReference; lastKnownFileType = wrapper.framework; name = CoreGraphics.framework; path = System/Library/Frameworks/CoreGraphics.framework; sourceTree = SDKROOT; };
		290C48AFBC4141DEC76BF8AA /* de */ = {isa = PBXFileReference; lastKnownFileType = "?"; name = de; path = plugin_appodeal_res_bundle/TOWebViewControllerLocalizable.bundle/de.lproj/TOWebViewControllerLocalizable.strings; sourceTree = SOURCE_ROOT; };
		2A964FE5BFC78F0852B4BEBC /* plugin_appodeal_res_bundle/RFMAdSDK.bundle/ */ = {isa = PBXFileReference; lastKnownFileType = "?"; path = plugin_appodeal_res_bundle/RFMAdSDK.bundle/; sourceTree = SOURCE_ROOT; };
		314A403DBBCB3691C0C12E41 /* plugin_appodeal_res_bundle/TOWebViewControllerLocalizable.bundle/ */ = {isa = PBXFileReference; lastKnownFileType = "?"; path = plugin_appodeal_res_bundle/TOWebViewControllerLocalizable.bundle/; sourceTree = SOURCE_ROOT; };
		32A7494D8ED0C82CDCA56C64 /* MPCloseButtonX.png */ = {isa = PBXFileReference; lastKnownFileType = image.png; name = MPCloseButtonX.png; path = plugin_appodeal_res_bundle/MPCloseButtonX.png; sourceTree = SOURCE_ROOT; };
		346A441EB4DE59BB3EED4E4D /* __vungle.db */ = {isa = PBXFileReference; lastKnownFileType = "?"; name = __vungle.db; path = plugin_appodeal_res_bundle/__vungle.db; sourceTree = SOURCE_ROOT; };
		395F4DD8805F8A58A534A874 /* appodeal_pattern.png */ = {isa = PBXFileReference; lastKnownFileType = image.png; name = appodeal_pattern.png; path = plugin_appodeal_res_bundle/appodeal_pattern.png; sourceTree = SOURCE_ROOT; };
		45964DB98E941D6046AF7D9D /* uk */ = {isa = PBXFileReference; lastKnownFileType = text.plist.strings; name = uk; path = plugin_appodeal_res_bundle/Appodeal.bundle/uk.lproj/Localizable.strings; sourceTree = SOURCE_ROOT; };
		46880B8419C43A87006E1F66 /* AppDelegate.cpp */ = {isa = PBXFileReference; fileEncoding = 4; lastKnownFileType = sourcecode.cpp.cpp; path = AppDelegate.cpp; sourceTree = "<group>"; };
		46880B8519C43A87006E1F66 /* AppDelegate.h */ = {isa = PBXFileReference; fileEncoding = 4; lastKnownFileType = sourcecode.c.h; path = AppDelegate.h; sourceTree = "<group>"; };
		46880B8619C43A87006E1F66 /* HelloWorldScene.cpp */ = {isa = PBXFileReference; fileEncoding = 4; lastKnownFileType = sourcecode.cpp.cpp; path = HelloWorldScene.cpp; sourceTree = "<group>"; };
		46880B8719C43A87006E1F66 /* HelloWorldScene.h */ = {isa = PBXFileReference; fileEncoding = 4; lastKnownFileType = sourcecode.c.h; path = HelloWorldScene.h; sourceTree = "<group>"; };
		4B9C487BA9DFFD641BD213C2 /* ja */ = {isa = PBXFileReference; lastKnownFileType = text.plist.strings; name = ja; path = plugin_appodeal_res_bundle/TOWebViewControllerLocalizable.bundle/ja.lproj/TOWebViewControllerLocalizable.strings; sourceTree = SOURCE_ROOT; };
		503AE0FA17EB989F00D1A890 /* AppController.h */ = {isa = PBXFileReference; fileEncoding = 4; lastKnownFileType = sourcecode.c.h; name = AppController.h; path = ios/AppController.h; sourceTree = SOURCE_ROOT; };
		503AE0FB17EB989F00D1A890 /* AppController.mm */ = {isa = PBXFileReference; fileEncoding = 4; lastKnownFileType = sourcecode.cpp.objcpp; name = AppController.mm; path = ios/AppController.mm; sourceTree = SOURCE_ROOT; };
		503AE0FC17EB989F00D1A890 /* main.m */ = {isa = PBXFileReference; fileEncoding = 4; lastKnownFileType = sourcecode.c.objc; name = main.m; path = ios/main.m; sourceTree = SOURCE_ROOT; };
		503AE0FD17EB989F00D1A890 /* Prefix.pch */ = {isa = PBXFileReference; fileEncoding = 4; lastKnownFileType = sourcecode.c.h; name = Prefix.pch; path = ios/Prefix.pch; sourceTree = SOURCE_ROOT; };
		503AE0FE17EB989F00D1A890 /* RootViewController.h */ = {isa = PBXFileReference; fileEncoding = 4; lastKnownFileType = sourcecode.c.h; name = RootViewController.h; path = ios/RootViewController.h; sourceTree = SOURCE_ROOT; };
		503AE0FF17EB989F00D1A890 /* RootViewController.mm */ = {isa = PBXFileReference; fileEncoding = 4; lastKnownFileType = sourcecode.cpp.objcpp; name = RootViewController.mm; path = ios/RootViewController.mm; sourceTree = SOURCE_ROOT; };
		503AE11117EB99EE00D1A890 /* libcurl.dylib */ = {isa = PBXFileReference; lastKnownFileType = compiled.mach-o.dylib; name = libcurl.dylib; path = usr/lib/libcurl.dylib; sourceTree = SDKROOT; };
		503AE11A17EB9C5A00D1A890 /* IOKit.framework */ = {isa = PBXFileReference; lastKnownFileType = wrapper.framework; name = IOKit.framework; path = System/Library/Frameworks/IOKit.framework; sourceTree = SDKROOT; };
		5087E77217EB970100C73F5D /* Default-568h@2x.png */ = {isa = PBXFileReference; lastKnownFileType = image.png; path = "Default-568h@2x.png"; sourceTree = "<group>"; };
		5087E77317EB970100C73F5D /* Default.png */ = {isa = PBXFileReference; lastKnownFileType = image.png; path = Default.png; sourceTree = "<group>"; };
		5087E77417EB970100C73F5D /* Default@2x.png */ = {isa = PBXFileReference; lastKnownFileType = image.png; path = "Default@2x.png"; sourceTree = "<group>"; };
		5087E77517EB970100C73F5D /* Icon-114.png */ = {isa = PBXFileReference; lastKnownFileType = image.png; path = Icon-114.png; sourceTree = "<group>"; };
		5087E77617EB970100C73F5D /* Icon-120.png */ = {isa = PBXFileReference; lastKnownFileType = image.png; path = Icon-120.png; sourceTree = "<group>"; };
		5087E77717EB970100C73F5D /* Icon-144.png */ = {isa = PBXFileReference; lastKnownFileType = image.png; path = Icon-144.png; sourceTree = "<group>"; };
		5087E77817EB970100C73F5D /* Icon-152.png */ = {isa = PBXFileReference; lastKnownFileType = image.png; path = Icon-152.png; sourceTree = "<group>"; };
		5087E77917EB970100C73F5D /* Icon-57.png */ = {isa = PBXFileReference; lastKnownFileType = image.png; path = Icon-57.png; sourceTree = "<group>"; };
		5087E77A17EB970100C73F5D /* Icon-72.png */ = {isa = PBXFileReference; lastKnownFileType = image.png; path = Icon-72.png; sourceTree = "<group>"; };
		5087E77B17EB970100C73F5D /* Icon-76.png */ = {isa = PBXFileReference; lastKnownFileType = image.png; path = Icon-76.png; sourceTree = "<group>"; };
		5087E77C17EB970100C73F5D /* Info.plist */ = {isa = PBXFileReference; fileEncoding = 4; lastKnownFileType = text.plist.xml; path = Info.plist; sourceTree = "<group>"; };
		5087E78817EB974C00C73F5D /* AppKit.framework */ = {isa = PBXFileReference; lastKnownFileType = wrapper.framework; name = AppKit.framework; path = System/Library/Frameworks/AppKit.framework; sourceTree = SDKROOT; };
		5087E78A17EB975400C73F5D /* OpenGL.framework */ = {isa = PBXFileReference; lastKnownFileType = wrapper.framework; name = OpenGL.framework; path = System/Library/Frameworks/OpenGL.framework; sourceTree = SDKROOT; };
		50EF629217ECD46A001EB2F8 /* Icon-40.png */ = {isa = PBXFileReference; lastKnownFileType = image.png; path = Icon-40.png; sourceTree = "<group>"; };
		50EF629317ECD46A001EB2F8 /* Icon-58.png */ = {isa = PBXFileReference; lastKnownFileType = image.png; path = Icon-58.png; sourceTree = "<group>"; };
		50EF629417ECD46A001EB2F8 /* Icon-80.png */ = {isa = PBXFileReference; lastKnownFileType = image.png; path = Icon-80.png; sourceTree = "<group>"; };
		50EF629517ECD46A001EB2F8 /* Icon-100.png */ = {isa = PBXFileReference; lastKnownFileType = image.png; path = Icon-100.png; sourceTree = "<group>"; };
		50EF62A017ECD613001EB2F8 /* Icon-29.png */ = {isa = PBXFileReference; lastKnownFileType = image.png; path = Icon-29.png; sourceTree = "<group>"; };
		50EF62A117ECD613001EB2F8 /* Icon-50.png */ = {isa = PBXFileReference; lastKnownFileType = image.png; path = Icon-50.png; sourceTree = "<group>"; };
		521A8E6219F0C34300D177D7 /* Default-667h@2x.png */ = {isa = PBXFileReference; lastKnownFileType = image.png; path = "Default-667h@2x.png"; sourceTree = "<group>"; };
		521A8E6319F0C34300D177D7 /* Default-736h@3x.png */ = {isa = PBXFileReference; lastKnownFileType = image.png; path = "Default-736h@3x.png"; sourceTree = "<group>"; };
		52B47A461A53D09B004E4C60 /* Security.framework */ = {isa = PBXFileReference; lastKnownFileType = wrapper.framework; name = Security.framework; path = Platforms/iPhoneOS.platform/Developer/SDKs/iPhoneOS8.1.sdk/System/Library/Frameworks/Security.framework; sourceTree = DEVELOPER_DIR; };
		54814BD69B42D485E841D446 /* ru */ = {isa = PBXFileReference; lastKnownFileType = text.plist.strings; name = ru; path = plugin_appodeal_res_bundle/TOWebViewControllerLocalizable.bundle/ru.lproj/TOWebViewControllerLocalizable.strings; sourceTree = SOURCE_ROOT; };
		56E646B89F293EF6B5D6F317 /* appodeal_close_smal.png */ = {isa = PBXFileReference; lastKnownFileType = image.png; name = appodeal_close_smal.png; path = plugin_appodeal_res_bundle/appodeal_close_smal.png; sourceTree = SOURCE_ROOT; };
		5A4B43B58937C229F3057FDE /* Appodeal.framework */ = {isa = PBXFileReference; lastKnownFileType = wrapper.framework; path = Appodeal.framework; sourceTree = SOURCE_ROOT; };
		5D4242CC848967805CBE35DA /* MPDAAIcon@2x.png */ = {isa = PBXFileReference; lastKnownFileType = image.png; name = "MPDAAIcon@2x.png"; path = "plugin_appodeal_res_bundle/MPDAAIcon@2x.png"; sourceTree = SOURCE_ROOT; };
		5DDB4CE98FC0D1BE1CF1E5B7 /* MPCloseBtn@2x.png */ = {isa = PBXFileReference; lastKnownFileType = image.png; name = "MPCloseBtn@2x.png"; path = "plugin_appodeal_res_bundle/MPCloseBtn@2x.png"; sourceTree = SOURCE_ROOT; };
		5FFA4BDD823800F08AA9A2DB /* sdkbox_config.json */ = {isa = PBXFileReference; lastKnownFileType = text.json; name = sdkbox_config.json; path = ../Resources/sdkbox_config.json; sourceTree = SOURCE_ROOT; };
		689F4CBEB64A605588AB25BC /* libxml2.2.tbd */ = {isa = PBXFileReference; lastKnownFileType = file.tbd; name = libxml2.2.tbd; path = Platforms/iPhoneOS.platform/Developer/SDKs/iPhoneOS.sdk/usr/lib/libxml2.2.tbd; sourceTree = DEVELOPER_DIR; };
		69E541AE85EB922F738F28B3 /* plugin_appodeal_res_bundle/UnityAds.bundle/ */ = {isa = PBXFileReference; lastKnownFileType = "?"; path = plugin_appodeal_res_bundle/UnityAds.bundle/; sourceTree = SOURCE_ROOT; };
		6E1744C08EC98F57B9B8C4A4 /* libc++.tbd */ = {isa = PBXFileReference; lastKnownFileType = file.tbd; name = "libc++.tbd"; path = "Platforms/iPhoneOS.platform/Developer/SDKs/iPhoneOS.sdk/usr/lib/libc++.tbd"; sourceTree = DEVELOPER_DIR; };
		6F0847199F5B0C3EBB561D33 /* MPDAAIcon.png */ = {isa = PBXFileReference; lastKnownFileType = image.png; name = MPDAAIcon.png; path = plugin_appodeal_res_bundle/MPDAAIcon.png; sourceTree = SOURCE_ROOT; };
		72C64FE2B89784B17070BAB5 /* en */ = {isa = PBXFileReference; lastKnownFileType = text.plist.strings; name = en; path = plugin_appodeal_res_bundle/Appodeal.bundle/en.lproj/Localizable.strings; sourceTree = SOURCE_ROOT; };
		72DB4334AEA89CCC7E9F7088 /* MPUnmutedBtn@3x.png */ = {isa = PBXFileReference; lastKnownFileType = image.png; name = "MPUnmutedBtn@3x.png"; path = "plugin_appodeal_res_bundle/MPUnmutedBtn@3x.png"; sourceTree = SOURCE_ROOT; };
		7E7340EDA6499F0A9871E61B /* MPCloseButtonX@3x.png */ = {isa = PBXFileReference; lastKnownFileType = image.png; name = "MPCloseButtonX@3x.png"; path = "plugin_appodeal_res_bundle/MPCloseButtonX@3x.png"; sourceTree = SOURCE_ROOT; };
		817D4AF697434668A90D00A9 /* appodeal_pattern@2x.png */ = {isa = PBXFileReference; lastKnownFileType = image.png; name = "appodeal_pattern@2x.png"; path = "plugin_appodeal_res_bundle/appodeal_pattern@2x.png"; sourceTree = SOURCE_ROOT; };
		8262943D1AAF051F00CB7CF7 /* Security.framework */ = {isa = PBXFileReference; lastKnownFileType = wrapper.framework; name = Security.framework; path = System/Library/Frameworks/Security.framework; sourceTree = SDKROOT; };
		830D41B4AE4E4410DE0A89D1 /* libsqlite3.tbd */ = {isa = PBXFileReference; lastKnownFileType = file.tbd; name = libsqlite3.tbd; path = Platforms/iPhoneOS.platform/Developer/SDKs/iPhoneOS.sdk/usr/lib/libsqlite3.tbd; sourceTree = DEVELOPER_DIR; };
		841D42DCB391F653A9260F94 /* CoreBluetooth.framework */ = {isa = PBXFileReference; lastKnownFileType = wrapper.framework; name = CoreBluetooth.framework; path = Platforms/iPhoneOS.platform/Developer/SDKs/iPhoneOS.sdk/System/Library/Frameworks/CoreBluetooth.framework; sourceTree = DEVELOPER_DIR; };
		847C4737BB87694BD4544EE6 /* res */ = {isa = PBXFileReference; lastKnownFileType = "?"; name = res; path = ../Resources/res; sourceTree = "<group>"; };
		8552421B911510205A5802C4 /* libz.tbd */ = {isa = PBXFileReference; lastKnownFileType = file.tbd; name = libz.tbd; path = Platforms/iPhoneOS.platform/Developer/SDKs/iPhoneOS.sdk/usr/lib/libz.tbd; sourceTree = DEVELOPER_DIR; };
		8A1642C8A53E33BF2E9BADF8 /* MPCloseButtonX@2x.png */ = {isa = PBXFileReference; lastKnownFileType = image.png; name = "MPCloseButtonX@2x.png"; path = "plugin_appodeal_res_bundle/MPCloseButtonX@2x.png"; sourceTree = SOURCE_ROOT; };
		8A2C463E94E1E88A1CEFF9CF /* CoreImage.framework */ = {isa = PBXFileReference; lastKnownFileType = wrapper.framework; name = CoreImage.framework; path = Platforms/iPhoneOS.platform/Developer/SDKs/iPhoneOS.sdk/System/Library/Frameworks/CoreImage.framework; sourceTree = DEVELOPER_DIR; };
		8A424A98B8FC6F4CBF3C0687 /* vg_mute_off.png */ = {isa = PBXFileReference; lastKnownFileType = image.png; name = vg_mute_off.png; path = plugin_appodeal_res_bundle/vg_mute_off.png; sourceTree = SOURCE_ROOT; };
		8C7A4700B1C835F0CA9863AA /* appodeal_close.png */ = {isa = PBXFileReference; lastKnownFileType = image.png; name = appodeal_close.png; path = plugin_appodeal_res_bundle/appodeal_close.png; sourceTree = SOURCE_ROOT; };
		91444C809AC0D0F72C07D26D /* plugin_appodeal_res_bundle/StartApp.bundle/ */ = {isa = PBXFileReference; lastKnownFileType = "?"; path = plugin_appodeal_res_bundle/StartApp.bundle/; sourceTree = SOURCE_ROOT; };
		92244838BBC8CAC09728DDD1 /* CoreFoundation.framework */ = {isa = PBXFileReference; lastKnownFileType = wrapper.framework; name = CoreFoundation.framework; path = Platforms/iPhoneOS.platform/Developer/SDKs/iPhoneOS.sdk/System/Library/Frameworks/CoreFoundation.framework; sourceTree = DEVELOPER_DIR; };
		93014B85B97F47CD27DC57CA /* WebKit.framework */ = {isa = PBXFileReference; lastKnownFileType = wrapper.framework; name = WebKit.framework; path = Platforms/iPhoneOS.platform/Developer/SDKs/iPhoneOS.sdk/System/Library/Frameworks/WebKit.framework; sourceTree = DEVELOPER_DIR; };
		97914D34B680A7C202EF430F /* appodeal_adbadge.png */ = {isa = PBXFileReference; lastKnownFileType = image.png; name = appodeal_adbadge.png; path = plugin_appodeal_res_bundle/appodeal_adbadge.png; sourceTree = SOURCE_ROOT; };
		9A1E43CBA652359EF6A87893 /* StoreKit.framework */ = {isa = PBXFileReference; lastKnownFileType = wrapper.framework; name = StoreKit.framework; path = Platforms/iPhoneOS.platform/Developer/SDKs/iPhoneOS.sdk/System/Library/Frameworks/StoreKit.framework; sourceTree = DEVELOPER_DIR; };
		9B7347209997B706E936954A /* MPMutedBtn@3x.png */ = {isa = PBXFileReference; lastKnownFileType = image.png; name = "MPMutedBtn@3x.png"; path = "plugin_appodeal_res_bundle/MPMutedBtn@3x.png"; sourceTree = SOURCE_ROOT; };
		A0FE40C18DF53BAA292769E9 /* en */ = {isa = PBXFileReference; lastKnownFileType = text.plist.strings; name = en; path = plugin_appodeal_res_bundle/UnityAds.bundle/en.lproj/InfoPlist.strings; sourceTree = SOURCE_ROOT; };
		A28E454BAAFD8FA3381BAC4A /* es */ = {isa = PBXFileReference; lastKnownFileType = text.plist.strings; name = es; path = plugin_appodeal_res_bundle/Appodeal.bundle/es.lproj/Localizable.strings; sourceTree = SOURCE_ROOT; };
		A5E8439BB45A5825ECC98552 /* pl */ = {isa = PBXFileReference; lastKnownFileType = text.plist.strings; name = pl; path = plugin_appodeal_res_bundle/TOWebViewControllerLocalizable.bundle/pl.lproj/TOWebViewControllerLocalizable.strings; sourceTree = SOURCE_ROOT; };
		ACC84B4D9986C8AB4B0DD4D2 /* vg_close.png */ = {isa = PBXFileReference; lastKnownFileType = image.png; name = vg_close.png; path = plugin_appodeal_res_bundle/vg_close.png; sourceTree = SOURCE_ROOT; };
		AE064A9A873E02E6516E4476 /* vg_cta.png */ = {isa = PBXFileReference; lastKnownFileType = image.png; name = vg_cta.png; path = plugin_appodeal_res_bundle/vg_cta.png; sourceTree = SOURCE_ROOT; };
		AE96457AA0503CDB34B28FA1 /* en */ = {isa = PBXFileReference; lastKnownFileType = text.plist.strings; name = en; path = plugin_appodeal_res_bundle/TOWebViewControllerLocalizable.bundle/en.lproj/TOWebViewControllerLocalizable.strings; sourceTree = SOURCE_ROOT; };
		AEE04C39B32AC5E51D165257 /* MPPlayBtn.png */ = {isa = PBXFileReference; lastKnownFileType = image.png; name = MPPlayBtn.png; path = plugin_appodeal_res_bundle/MPPlayBtn.png; sourceTree = SOURCE_ROOT; };
		AFD74A3383A84B09F67920D0 /* appodeal_mute_off.png */ = {isa = PBXFileReference; lastKnownFileType = image.png; name = appodeal_mute_off.png; path = plugin_appodeal_res_bundle/appodeal_mute_off.png; sourceTree = SOURCE_ROOT; };
		AFDE458796BEDFD551099DE8 /* MPMutedBtn@1x.png */ = {isa = PBXFileReference; lastKnownFileType = image.png; name = "MPMutedBtn@1x.png"; path = "plugin_appodeal_res_bundle/MPMutedBtn@1x.png"; sourceTree = SOURCE_ROOT; };
		B0DE4A14B9181A19A0F96B7E /* MPMutedBtn@2x.png */ = {isa = PBXFileReference; lastKnownFileType = image.png; name = "MPMutedBtn@2x.png"; path = "plugin_appodeal_res_bundle/MPMutedBtn@2x.png"; sourceTree = SOURCE_ROOT; };
		B2E042258274D5F21681DEE3 /* PluginAppodeal.framework */ = {isa = PBXFileReference; lastKnownFileType = wrapper.framework; path = PluginAppodeal.framework; sourceTree = SOURCE_ROOT; };
		B3DB47E3812C8277679CB96C /* plugin_appodeal_res_bundle/AdManagerAssets.bundle/ */ = {isa = PBXFileReference; lastKnownFileType = "?"; path = plugin_appodeal_res_bundle/AdManagerAssets.bundle/; sourceTree = SOURCE_ROOT; };
		B4104088BB8A0DB7D6035261 /* uk */ = {isa = PBXFileReference; lastKnownFileType = text.plist.strings; name = uk; path = plugin_appodeal_res_bundle/TOWebViewControllerLocalizable.bundle/uk.lproj/TOWebViewControllerLocalizable.strings; sourceTree = SOURCE_ROOT; };
		B9E74E58ADD45BFD5507EE2A /* MPPlayBtn@3x.png */ = {isa = PBXFileReference; lastKnownFileType = image.png; name = "MPPlayBtn@3x.png"; path = "plugin_appodeal_res_bundle/MPPlayBtn@3x.png"; sourceTree = SOURCE_ROOT; };
		BDDB44E3BD49851B09433EBD /* appodeal_mute_on.png */ = {isa = PBXFileReference; lastKnownFileType = image.png; name = appodeal_mute_on.png; path = plugin_appodeal_res_bundle/appodeal_mute_on.png; sourceTree = SOURCE_ROOT; };
		BE95429DAECB78D0329D3269 /* fr */ = {isa = PBXFileReference; lastKnownFileType = text.plist.strings; name = fr; path = plugin_appodeal_res_bundle/Appodeal.bundle/fr.lproj/Localizable.strings; sourceTree = SOURCE_ROOT; };
		BEE242DA992D43CEA66435DF /* zh-Hans */ = {isa = PBXFileReference; lastKnownFileType = text.plist.strings; name = zh-Hans; path = plugin_appodeal_res_bundle/TOWebViewControllerLocalizable.bundle/zh-Hans.lproj/TOWebViewControllerLocalizable.strings; sourceTree = SOURCE_ROOT; };
		BF170DB012928DE900B8313A /* OpenGLES.framework */ = {isa = PBXFileReference; lastKnownFileType = wrapper.framework; name = OpenGLES.framework; path = System/Library/Frameworks/OpenGLES.framework; sourceTree = SDKROOT; };
		BF170DB412928DE900B8313A /* libz.dylib */ = {isa = PBXFileReference; lastKnownFileType = compiled.mach-o.dylib; name = libz.dylib; path = usr/lib/libz.dylib; sourceTree = SDKROOT; };
		BF1C47EA1293683800B63C5D /* QuartzCore.framework */ = {isa = PBXFileReference; lastKnownFileType = wrapper.framework; name = QuartzCore.framework; path = System/Library/Frameworks/QuartzCore.framework; sourceTree = SDKROOT; };
		C18649629E5DED110CD69166 /* MPDAAIcon@3x.png */ = {isa = PBXFileReference; lastKnownFileType = image.png; name = "MPDAAIcon@3x.png"; path = "plugin_appodeal_res_bundle/MPDAAIcon@3x.png"; sourceTree = SOURCE_ROOT; };
		C27C445085620179E56F5F5F /*  */ = {isa = PBXFileReference; lastKnownFileType = "?"; name = ""; path = plugin_appodeal_res_bundle/Appodeal.bundle/; sourceTree = SOURCE_ROOT; };
		C6BD47A7904AC2DA66FA919A /* CFNetwork.framework */ = {isa = PBXFileReference; lastKnownFileType = wrapper.framework; name = CFNetwork.framework; path = Platforms/iPhoneOS.platform/Developer/SDKs/iPhoneOS.sdk/System/Library/Frameworks/CFNetwork.framework; sourceTree = DEVELOPER_DIR; };
		C83647BDB70E645A9B6A695B /* vg_mute_on.png */ = {isa = PBXFileReference; lastKnownFileType = image.png; name = vg_mute_on.png; path = plugin_appodeal_res_bundle/vg_mute_on.png; sourceTree = SOURCE_ROOT; };
		C84D451BA788E9BD5691F3FB /* appodeal_close_small.png */ = {isa = PBXFileReference; lastKnownFileType = image.png; name = appodeal_close_small.png; path = plugin_appodeal_res_bundle/appodeal_close_small.png; sourceTree = SOURCE_ROOT; };
		C8FC4866810ADBDF5E40AD24 /* appodeal_adbadge@2x.png */ = {isa = PBXFileReference; lastKnownFileType = image.png; name = "appodeal_adbadge@2x.png"; path = "plugin_appodeal_res_bundle/appodeal_adbadge@2x.png"; sourceTree = SOURCE_ROOT; };
		D0664DC7974CE35AFCCD3BE7 /* MPAdBrowserController.nib */ = {isa = PBXFileReference; lastKnownFileType = wrapper.nib; name = MPAdBrowserController.nib; path = plugin_appodeal_res_bundle/MPAdBrowserController.nib; sourceTree = SOURCE_ROOT; };
		D1B1499599B4EEA02B144CDA /* EventKitUI.framework */ = {isa = PBXFileReference; lastKnownFileType = wrapper.framework; name = EventKitUI.framework; path = Platforms/iPhoneOS.platform/Developer/SDKs/iPhoneOS.sdk/System/Library/Frameworks/EventKitUI.framework; sourceTree = DEVELOPER_DIR; };
		D1BF4C9FA7595F005B296D8A /* appodeal_adbadge@3x.png */ = {isa = PBXFileReference; lastKnownFileType = image.png; name = "appodeal_adbadge@3x.png"; path = "plugin_appodeal_res_bundle/appodeal_adbadge@3x.png"; sourceTree = SOURCE_ROOT; };
		D44C620B132DFF330009C878 /* OpenAL.framework */ = {isa = PBXFileReference; lastKnownFileType = wrapper.framework; name = OpenAL.framework; path = System/Library/Frameworks/OpenAL.framework; sourceTree = SDKROOT; };
		D44C620D132DFF430009C878 /* AVFoundation.framework */ = {isa = PBXFileReference; lastKnownFileType = wrapper.framework; name = AVFoundation.framework; path = System/Library/Frameworks/AVFoundation.framework; sourceTree = SDKROOT; };
		D44C620F132DFF4E0009C878 /* AudioToolbox.framework */ = {isa = PBXFileReference; lastKnownFileType = wrapper.framework; name = AudioToolbox.framework; path = System/Library/Frameworks/AudioToolbox.framework; sourceTree = SDKROOT; };
		D5C24716913A1D8521CD7852 /* MPPlayBtn@2x.png */ = {isa = PBXFileReference; lastKnownFileType = image.png; name = "MPPlayBtn@2x.png"; path = "plugin_appodeal_res_bundle/MPPlayBtn@2x.png"; sourceTree = SOURCE_ROOT; };
		D6B0611A1803AB670077942B /* CoreMotion.framework */ = {isa = PBXFileReference; lastKnownFileType = wrapper.framework; name = CoreMotion.framework; path = Platforms/iPhoneOS.platform/Developer/SDKs/iPhoneOS7.0.sdk/System/Library/Frameworks/CoreMotion.framework; sourceTree = DEVELOPER_DIR; };
		D6B94523B9E91EB67092FB65 /* plugin_appodeal_res_bundle/SVProgressHUD.bundle/ */ = {isa = PBXFileReference; lastKnownFileType = "?"; path = plugin_appodeal_res_bundle/SVProgressHUD.bundle/; sourceTree = SOURCE_ROOT; };
		DC514F9490A1F06FBBE693F4 /* AdSupport.framework */ = {isa = PBXFileReference; lastKnownFileType = wrapper.framework; name = AdSupport.framework; path = Platforms/iPhoneOS.platform/Developer/SDKs/iPhoneOS.sdk/System/Library/Frameworks/AdSupport.framework; sourceTree = DEVELOPER_DIR; };
		DFD149B3BB5C6C64DD9A87D4 /* sdkbox.framework */ = {isa = PBXFileReference; lastKnownFileType = wrapper.framework; path = sdkbox.framework; sourceTree = SOURCE_ROOT; };
		DFE249968E4FD18627E1D1A4 /* plugin_appodeal_res_bundle/MRAID.bundle/ */ = {isa = PBXFileReference; lastKnownFileType = "?"; path = plugin_appodeal_res_bundle/MRAID.bundle/; sourceTree = SOURCE_ROOT; };
		E0B64A6FA1DC94D97B464673 /* appodeal_daa_icon.png */ = {isa = PBXFileReference; lastKnownFileType = image.png; name = appodeal_daa_icon.png; path = plugin_appodeal_res_bundle/appodeal_daa_icon.png; sourceTree = SOURCE_ROOT; };
		E17349CF90AEED86ABA048C9 /* MPCloseBtn@3x.png */ = {isa = PBXFileReference; lastKnownFileType = image.png; name = "MPCloseBtn@3x.png"; path = "plugin_appodeal_res_bundle/MPCloseBtn@3x.png"; sourceTree = SOURCE_ROOT; };
		E4A2493DA33D444AED2DAA75 /* en */ = {isa = PBXFileReference; lastKnownFileType = "?"; name = en; path = plugin_appodeal_res_bundle/RFMAdSDK.bundle/en.lproj/InfoPlist.strings; sourceTree = SOURCE_ROOT; };
		E6AC4C92AD69F0F5667C26CB /* ru */ = {isa = PBXFileReference; lastKnownFileType = text.plist.strings; name = ru; path = plugin_appodeal_res_bundle/Appodeal.bundle/ru.lproj/Localizable.strings; sourceTree = SOURCE_ROOT; };
		E8574F2FACE172140BFFE721 /* Twitter.framework */ = {isa = PBXFileReference; lastKnownFileType = wrapper.framework; name = Twitter.framework; path = Platforms/iPhoneOS.platform/Developer/SDKs/iPhoneOS.sdk/System/Library/Frameworks/Twitter.framework; sourceTree = DEVELOPER_DIR; };
		EC054D038170C9031CB136DE /* libcocos2d iOS.a */ = {isa = PBXFileReference; lastKnownFileType = archive.ar; name = "libcocos2d iOS.a"; path = "$(SRCROOT)/../../../sdkbox-cocos2d-x-binary/prebuilt/ios/libcocos2d iOS.a"; sourceTree = "<absolute>"; };
		ED2E4F1F9218427D86B3A724 /* MediaPlayer.framework */ = {isa = PBXFileReference; lastKnownFileType = wrapper.framework; name = MediaPlayer.framework; path = Platforms/iPhoneOS.platform/Developer/SDKs/iPhoneOS.sdk/System/Library/Frameworks/MediaPlayer.framework; sourceTree = DEVELOPER_DIR; };
		ED545A7B1B68A1F400C3958E /* libiconv.dylib */ = {isa = PBXFileReference; lastKnownFileType = compiled.mach-o.dylib; name = libiconv.dylib; path = Platforms/iPhoneOS.platform/Developer/SDKs/iPhoneOS8.4.sdk/usr/lib/libiconv.dylib; sourceTree = DEVELOPER_DIR; };
		ED545A7D1B68A1FA00C3958E /* libiconv.dylib */ = {isa = PBXFileReference; lastKnownFileType = compiled.mach-o.dylib; name = libiconv.dylib; path = usr/lib/libiconv.dylib; sourceTree = SDKROOT; };
		ED86483282FB51768E149C7D /* zh-Hant */ = {isa = PBXFileReference; lastKnownFileType = text.plist.strings; name = zh-Hant; path = plugin_appodeal_res_bundle/TOWebViewControllerLocalizable.bundle/zh-Hant.lproj/TOWebViewControllerLocalizable.strings; sourceTree = SOURCE_ROOT; };
		EE5C4853B4ACB462C8C148D5 /* fr */ = {isa = PBXFileReference; lastKnownFileType = text.plist.strings; name = fr; path = plugin_appodeal_res_bundle/TOWebViewControllerLocalizable.bundle/fr.lproj/TOWebViewControllerLocalizable.strings; sourceTree = SOURCE_ROOT; };
		F03C4704A3D156B023F7E37C /* appodeal_mute_off_small.png */ = {isa = PBXFileReference; lastKnownFileType = image.png; name = appodeal_mute_off_small.png; path = plugin_appodeal_res_bundle/appodeal_mute_off_small.png; sourceTree = SOURCE_ROOT; };
		F1AB4D41BB0628723D59AC68 /* JavaScriptCore.framework */ = {isa = PBXFileReference; lastKnownFileType = wrapper.framework; name = JavaScriptCore.framework; path = Platforms/iPhoneOS.platform/Developer/SDKs/iPhoneOS.sdk/System/Library/Frameworks/JavaScriptCore.framework; sourceTree = DEVELOPER_DIR; };
		F2554C57BB3CF6F4A668B5BB /* MessageUI.framework */ = {isa = PBXFileReference; lastKnownFileType = wrapper.framework; name = MessageUI.framework; path = Platforms/iPhoneOS.platform/Developer/SDKs/iPhoneOS.sdk/System/Library/Frameworks/MessageUI.framework; sourceTree = DEVELOPER_DIR; };
/* End PBXFileReference section */

/* Begin PBXFrameworksBuildPhase section */
		1D60588F0D05DD3D006BFB54 /* Frameworks */ = {
			isa = PBXFrameworksBuildPhase;
			buildActionMask = 2147483647;
			files = (
				ED545A7C1B68A1F400C3958E /* libiconv.dylib */,
				52B47A471A53D09C004E4C60 /* Security.framework */,
				D6B0611B1803AB670077942B /* CoreMotion.framework */,
				1D60589F0D05DD5A006BFB54 /* Foundation.framework */,
				1DF5F4E00D08C38300B7A737 /* UIKit.framework */,
				288765A50DF7441C002DB57D /* CoreGraphics.framework */,
				BF171245129291EC00B8313A /* OpenGLES.framework */,
				BF1712471292920000B8313A /* libz.dylib */,
				BF1C47F01293687400B63C5D /* QuartzCore.framework */,
				D44C620C132DFF330009C878 /* OpenAL.framework */,
				D44C620E132DFF430009C878 /* AVFoundation.framework */,
				D44C6210132DFF4E0009C878 /* AudioToolbox.framework */,
				4AF24228B721699D68B0EB58 /* libcocos2d iOS.a */,
				88954C24A8CE11A7413C5A57 /* sdkbox.framework */,
				2A4F4FB8B92C5362416A1861 /* PluginAppodeal.framework */,
				E7384A31906FB2A9336C3DA6 /* Appodeal.framework */,
				24914579902A348A8ACB71F7 /* AdSupport.framework */,
				ADE447A48273212AAD13E1DB /* CFNetwork.framework */,
				5FDB4ECE8FF0E8217EC75B07 /* CoreFoundation.framework */,
				3E774A1781BD0DFE0921700C /* CoreImage.framework */,
				D436463FAD19290F32379E23 /* CoreLocation.framework */,
				5D7B4886BD869104CDE855F3 /* CoreMedia.framework */,
				CAB54EC38ED6570E0897ED96 /* CoreTelephony.framework */,
				EABD4B3DA61D496298B672CA /* EventKit.framework */,
				394749BAA23A86D519900116 /* EventKitUI.framework */,
				3F0B4BFD87D0046F1D5AF096 /* libc++.tbd */,
				54AF4E1283E20535F5D7CAE5 /* libsqlite3.tbd */,
				FCBC4367A26BB651C20F1F72 /* libxml2.2.tbd */,
				AE944096A2076B4E535A0A7E /* libz.tbd */,
				06E2481A95B16F9F71D5E1AB /* MediaPlayer.framework */,
				7BF644D6AC15965A0425C280 /* MessageUI.framework */,
				2923471C9E9D297B2744A694 /* MobileCoreServices.framework */,
				1696453481F97B124F61DA08 /* Social.framework */,
				A663470A99BE2DFD6C0EDEA1 /* StoreKit.framework */,
				D055470D9F4477D92235FC1B /* SystemConfiguration.framework */,
				68AF4A57A2DD356DA65E2182 /* Twitter.framework */,
				E1CD4A2F88EBE8D268EFE06C /* WebKit.framework */,
				259B4D9581E5CBC0BAB6C2CD /* GameController.framework */,
				C53E444CBCF98C31C4CA39B3 /* JavaScriptCore.framework */,
				08D94F8A93EE5DC7E548523B /* CoreBluetooth.framework */,
			);
			runOnlyForDeploymentPostprocessing = 0;
		};
/* End PBXFrameworksBuildPhase section */

/* Begin PBXGroup section */
		080E96DDFE201D6D7F000001 /* ios */ = {
			isa = PBXGroup;
			children = (
				5087E77117EB970100C73F5D /* Icons */,
				503AE0FA17EB989F00D1A890 /* AppController.h */,
				503AE0FB17EB989F00D1A890 /* AppController.mm */,
				503AE0FC17EB989F00D1A890 /* main.m */,
				503AE0FD17EB989F00D1A890 /* Prefix.pch */,
				503AE0FE17EB989F00D1A890 /* RootViewController.h */,
				503AE0FF17EB989F00D1A890 /* RootViewController.mm */,
			);
			name = ios;
			path = Classes;
			sourceTree = "<group>";
		};
		19C28FACFE9D520D11CA2CBB /* Products */ = {
			isa = PBXGroup;
			children = (
				1D6058910D05DD3D006BFB54 /* appodeal_cpp-mobile.app */,
			);
			name = Products;
			sourceTree = "<group>";
		};
		29B97314FDCFA39411CA2CEA /* CustomTemplate */ = {
			isa = PBXGroup;
			children = (
				46880B8319C43A87006E1F66 /* Classes */,
				46880B7519C43A67006E1F66 /* Resources */,
				29B97323FDCFA39411CA2CEA /* Frameworks */,
				080E96DDFE201D6D7F000001 /* ios */,
				19C28FACFE9D520D11CA2CBB /* Products */,
				E80348B69CC7DAF3B1F3310F /* ios-libs */,
				6887427E84A49D31EE7377D3 /* plugin_appodeal_res_bundle */,
			);
			name = CustomTemplate;
			sourceTree = "<group>";
		};
		29B97323FDCFA39411CA2CEA /* Frameworks */ = {
			isa = PBXGroup;
			children = (
				ED545A7D1B68A1FA00C3958E /* libiconv.dylib */,
				ED545A7B1B68A1F400C3958E /* libiconv.dylib */,
				8262943D1AAF051F00CB7CF7 /* Security.framework */,
				52B47A461A53D09B004E4C60 /* Security.framework */,
				D6B0611A1803AB670077942B /* CoreMotion.framework */,
				503AE11A17EB9C5A00D1A890 /* IOKit.framework */,
				503AE11117EB99EE00D1A890 /* libcurl.dylib */,
				5087E78A17EB975400C73F5D /* OpenGL.framework */,
				5087E78817EB974C00C73F5D /* AppKit.framework */,
				1ACB3243164770DE00914215 /* libcurl.a */,
				BF170DB412928DE900B8313A /* libz.dylib */,
				D44C620F132DFF4E0009C878 /* AudioToolbox.framework */,
				D44C620D132DFF430009C878 /* AVFoundation.framework */,
				288765A40DF7441C002DB57D /* CoreGraphics.framework */,
				1D30AB110D05D00D00671497 /* Foundation.framework */,
				D44C620B132DFF330009C878 /* OpenAL.framework */,
				BF170DB012928DE900B8313A /* OpenGLES.framework */,
				BF1C47EA1293683800B63C5D /* QuartzCore.framework */,
				1DF5F4DF0D08C38300B7A737 /* UIKit.framework */,
				DFD149B3BB5C6C64DD9A87D4 /* sdkbox.framework */,
				B2E042258274D5F21681DEE3 /* PluginAppodeal.framework */,
				5A4B43B58937C229F3057FDE /* Appodeal.framework */,
				DC514F9490A1F06FBBE693F4 /* AdSupport.framework */,
				C6BD47A7904AC2DA66FA919A /* CFNetwork.framework */,
				92244838BBC8CAC09728DDD1 /* CoreFoundation.framework */,
				8A2C463E94E1E88A1CEFF9CF /* CoreImage.framework */,
				032B428EB3763054B9D9F587 /* CoreLocation.framework */,
				0C02455CA1DC85CB7A60B5A8 /* CoreMedia.framework */,
				1C7242298E408F0006B7BED0 /* CoreTelephony.framework */,
				166C470A81585AE6F1215121 /* EventKit.framework */,
				D1B1499599B4EEA02B144CDA /* EventKitUI.framework */,
				6E1744C08EC98F57B9B8C4A4 /* libc++.tbd */,
				830D41B4AE4E4410DE0A89D1 /* libsqlite3.tbd */,
				689F4CBEB64A605588AB25BC /* libxml2.2.tbd */,
				8552421B911510205A5802C4 /* libz.tbd */,
				ED2E4F1F9218427D86B3A724 /* MediaPlayer.framework */,
				F2554C57BB3CF6F4A668B5BB /* MessageUI.framework */,
				1F6E4FA2A9475BE1CC620091 /* MobileCoreServices.framework */,
				0186474CBE3071BCD515A915 /* Social.framework */,
				9A1E43CBA652359EF6A87893 /* StoreKit.framework */,
				1B2E414B87F5C1369C7F5EA7 /* SystemConfiguration.framework */,
				E8574F2FACE172140BFFE721 /* Twitter.framework */,
				93014B85B97F47CD27DC57CA /* WebKit.framework */,
				0DE34E52B3332F0BF7543758 /* GameController.framework */,
				F1AB4D41BB0628723D59AC68 /* JavaScriptCore.framework */,
				841D42DCB391F653A9260F94 /* CoreBluetooth.framework */,
			);
			name = Frameworks;
			sourceTree = "<group>";
		};
		46880B7519C43A67006E1F66 /* Resources */ = {
			isa = PBXGroup;
			children = (
				847C4737BB87694BD4544EE6 /* res */,
				5FFA4BDD823800F08AA9A2DB /* sdkbox_config.json */,
			);
			name = Resources;
			path = ../Resources;
			sourceTree = "<group>";
		};
		46880B8319C43A87006E1F66 /* Classes */ = {
			isa = PBXGroup;
			children = (
				46880B8419C43A87006E1F66 /* AppDelegate.cpp */,
				46880B8519C43A87006E1F66 /* AppDelegate.h */,
				46880B8619C43A87006E1F66 /* HelloWorldScene.cpp */,
				46880B8719C43A87006E1F66 /* HelloWorldScene.h */,
			);
			name = Classes;
			path = ../Classes;
			sourceTree = "<group>";
		};
		5087E77117EB970100C73F5D /* Icons */ = {
			isa = PBXGroup;
			children = (
				521A8E6219F0C34300D177D7 /* Default-667h@2x.png */,
				521A8E6319F0C34300D177D7 /* Default-736h@3x.png */,
				5087E77217EB970100C73F5D /* Default-568h@2x.png */,
				5087E77317EB970100C73F5D /* Default.png */,
				5087E77417EB970100C73F5D /* Default@2x.png */,
				50EF62A017ECD613001EB2F8 /* Icon-29.png */,
				50EF62A117ECD613001EB2F8 /* Icon-50.png */,
				50EF629217ECD46A001EB2F8 /* Icon-40.png */,
				50EF629317ECD46A001EB2F8 /* Icon-58.png */,
				50EF629417ECD46A001EB2F8 /* Icon-80.png */,
				50EF629517ECD46A001EB2F8 /* Icon-100.png */,
				5087E77517EB970100C73F5D /* Icon-114.png */,
				5087E77617EB970100C73F5D /* Icon-120.png */,
				5087E77717EB970100C73F5D /* Icon-144.png */,
				5087E77817EB970100C73F5D /* Icon-152.png */,
				5087E77917EB970100C73F5D /* Icon-57.png */,
				5087E77A17EB970100C73F5D /* Icon-72.png */,
				5087E77B17EB970100C73F5D /* Icon-76.png */,
				5087E77C17EB970100C73F5D /* Info.plist */,
			);
			name = Icons;
			path = ios;
			sourceTree = SOURCE_ROOT;
		};
		6887427E84A49D31EE7377D3 /* plugin_appodeal_res_bundle */ = {
			isa = PBXGroup;
			children = (
				8A1642C8A53E33BF2E9BADF8 /* MPCloseButtonX@2x.png */,
				E17349CF90AEED86ABA048C9 /* MPCloseBtn@3x.png */,
				9B7347209997B706E936954A /* MPMutedBtn@3x.png */,
				ACC84B4D9986C8AB4B0DD4D2 /* vg_close.png */,
				03C44D0BB4B6EA1B00D4B35B /* MPUnmutedBtn@2x.png */,
				97914D34B680A7C202EF430F /* appodeal_adbadge.png */,
				5D4242CC848967805CBE35DA /* MPDAAIcon@2x.png */,
				7E7340EDA6499F0A9871E61B /* MPCloseButtonX@3x.png */,
				AEE04C39B32AC5E51D165257 /* MPPlayBtn.png */,
				6F0847199F5B0C3EBB561D33 /* MPDAAIcon.png */,
				817D4AF697434668A90D00A9 /* appodeal_pattern@2x.png */,
				5DDB4CE98FC0D1BE1CF1E5B7 /* MPCloseBtn@2x.png */,
				72DB4334AEA89CCC7E9F7088 /* MPUnmutedBtn@3x.png */,
				C18649629E5DED110CD69166 /* MPDAAIcon@3x.png */,
				C83647BDB70E645A9B6A695B /* vg_mute_on.png */,
				E0B64A6FA1DC94D97B464673 /* appodeal_daa_icon.png */,
				D5C24716913A1D8521CD7852 /* MPPlayBtn@2x.png */,
				8C7A4700B1C835F0CA9863AA /* appodeal_close.png */,
				038E4B1E81E98447F99F9F6E /* MPCloseBtn.png */,
				B0DE4A14B9181A19A0F96B7E /* MPMutedBtn@2x.png */,
				8A424A98B8FC6F4CBF3C0687 /* vg_mute_off.png */,
				C8FC4866810ADBDF5E40AD24 /* appodeal_adbadge@2x.png */,
				AFDE458796BEDFD551099DE8 /* MPMutedBtn@1x.png */,
				B9E74E58ADD45BFD5507EE2A /* MPPlayBtn@3x.png */,
				D0664DC7974CE35AFCCD3BE7 /* MPAdBrowserController.nib */,
				32A7494D8ED0C82CDCA56C64 /* MPCloseButtonX.png */,
				395F4DD8805F8A58A534A874 /* appodeal_pattern.png */,
				346A441EB4DE59BB3EED4E4D /* __vungle.db */,
				1ED74153A94CCD4C0077FCF4 /* MPUnmutedBtn@1x.png */,
				D1BF4C9FA7595F005B296D8A /* appodeal_adbadge@3x.png */,
				109549C4AFA9989C8A26B32A /* vg_privacy.png */,
				AE064A9A873E02E6516E4476 /* vg_cta.png */,
				B3DB47E3812C8277679CB96C /* plugin_appodeal_res_bundle/AdManagerAssets.bundle/ */,
				DFE249968E4FD18627E1D1A4 /* plugin_appodeal_res_bundle/MRAID.bundle/ */,
				2A964FE5BFC78F0852B4BEBC /* plugin_appodeal_res_bundle/RFMAdSDK.bundle/ */,
				91444C809AC0D0F72C07D26D /* plugin_appodeal_res_bundle/StartApp.bundle/ */,
				D6B94523B9E91EB67092FB65 /* plugin_appodeal_res_bundle/SVProgressHUD.bundle/ */,
				314A403DBBCB3691C0C12E41 /* plugin_appodeal_res_bundle/TOWebViewControllerLocalizable.bundle/ */,
				69E541AE85EB922F738F28B3 /* plugin_appodeal_res_bundle/UnityAds.bundle/ */,
				06CD4039ACA9B732755E0240 /* InfoPlist.strings */,
				E5BD4A75BBC7B02D5536FB12 /* TOWebViewControllerLocalizable.strings */,
				AFD74A3383A84B09F67920D0 /* appodeal_mute_off.png */,
				BDDB44E3BD49851B09433EBD /* appodeal_mute_on.png */,
				56E646B89F293EF6B5D6F317 /* appodeal_close_smal.png */,
				F03C4704A3D156B023F7E37C /* appodeal_mute_off_small.png */,
				10D7417C95F164063FDAD077 /* appodeal_mute_on_small.png */,
				C84D451BA788E9BD5691F3FB /* appodeal_close_small.png */,
				C27C445085620179E56F5F5F /*  */,
				7CE44A798790F361038D470E /* Localizable.strings */,
			);
			name = plugin_appodeal_res_bundle;
			path = plugin_appodeal_res_bundle/;
			sourceTree = SOURCE_ROOT;
		};
		E80348B69CC7DAF3B1F3310F /* ios-libs */ = {
			isa = PBXGroup;
			children = (
				EC054D038170C9031CB136DE /* libcocos2d iOS.a */,
			);
			name = ios-libs;
			sourceTree = "<group>";
		};
/* End PBXGroup section */

/* Begin PBXNativeTarget section */
		1D6058900D05DD3D006BFB54 /* appodeal_cpp-mobile */ = {
			isa = PBXNativeTarget;
			buildConfigurationList = 1D6058960D05DD3E006BFB54 /* Build configuration list for PBXNativeTarget "appodeal_cpp-mobile" */;
			buildPhases = (
				1D60588D0D05DD3D006BFB54 /* Resources */,
				1D60588E0D05DD3D006BFB54 /* Sources */,
				1D60588F0D05DD3D006BFB54 /* Frameworks */,
			);
			buildRules = (
			);
			dependencies = (
			);
			name = appodeal_cpp-mobile;
			productName = iphone;
			productReference = 1D6058910D05DD3D006BFB54 /* appodeal_cpp-mobile.app */;
			productType = com.apple.product-type.application;
		};
/* End PBXNativeTarget section */

/* Begin PBXProject section */
		29B97313FDCFA39411CA2CEA /* Project Object */ = {
			isa = PBXProject;
			attributes = {
				LastUpgradeCheck = 0500;
			};
			buildConfigurationList = C01FCF4E08A954540054247B /* Build configuration list for PBXNativeTarget "TARGET_NAME" */;
			compatibilityVersion = "Xcode 3.2";
			developmentRegion = English;
			hasScannedForEncodings = 1;
			knownRegions = (
				English,
				Japanese,
				French,
				German,
			);
			mainGroup = 29B97314FDCFA39411CA2CEA /* CustomTemplate */;
			projectDirPath = "";
			projectRoot = "";
			targets = (
				1D6058900D05DD3D006BFB54 /* appodeal_cpp-mobile */,
			);
		};
/* End PBXProject section */

/* Begin PBXResourcesBuildPhase section */
		1D60588D0D05DD3D006BFB54 /* Resources */ = {
			isa = PBXResourcesBuildPhase;
			buildActionMask = 2147483647;
			files = (
				5087E78117EB970100C73F5D /* Icon-120.png */,
				5087E78617EB970100C73F5D /* Icon-76.png */,
				5087E77F17EB970100C73F5D /* Default@2x.png */,
				50EF629917ECD46A001EB2F8 /* Icon-100.png */,
				5087E78317EB970100C73F5D /* Icon-152.png */,
				5087E77D17EB970100C73F5D /* Default-568h@2x.png */,
				5087E78517EB970100C73F5D /* Icon-72.png */,
				521A8E6519F0C34300D177D7 /* Default-736h@3x.png */,
				50EF62A317ECD613001EB2F8 /* Icon-50.png */,
				5087E78017EB970100C73F5D /* Icon-114.png */,
				50EF62A217ECD613001EB2F8 /* Icon-29.png */,
				50EF629617ECD46A001EB2F8 /* Icon-40.png */,
				5087E78217EB970100C73F5D /* Icon-144.png */,
				50EF629817ECD46A001EB2F8 /* Icon-80.png */,
				5087E78417EB970100C73F5D /* Icon-57.png */,
				5087E77E17EB970100C73F5D /* Default.png */,
				521A8E6419F0C34300D177D7 /* Default-667h@2x.png */,
				50EF629717ECD46A001EB2F8 /* Icon-58.png */,
				11E94508A2963B2E50541227 /* res */,
				B78F4BC58D610509095F135D /* MPCloseButtonX@2x.png */,
				286948E8B21A9604932D4A73 /* MPCloseBtn@3x.png */,
				0E434D43B79C7AF4088573BD /* MPMutedBtn@3x.png */,
				96BA43B0908AB286E00F895A /* vg_close.png */,
				2ABD415AB5DCFCC8ED5CA80B /* MPUnmutedBtn@2x.png */,
				55544FB8B0949BD330158B28 /* appodeal_adbadge.png */,
				1BAB4DE2BC310066F9AA2D6C /* MPDAAIcon@2x.png */,
				260344ABB2CC2016E967DC4E /* MPCloseButtonX@3x.png */,
				9348444EB074D59616B8DA10 /* MPPlayBtn.png */,
				7247424CA19814FB70EDC546 /* MPDAAIcon.png */,
				CE5F4FCC9881CAF6A8203F43 /* appodeal_pattern@2x.png */,
				2CCC4F72B58DAC6DDB94ADBA /* MPCloseBtn@2x.png */,
				697E444C951A70FFA65D45BE /* MPUnmutedBtn@3x.png */,
				708C4D34992662BB970A6D25 /* MPDAAIcon@3x.png */,
				05FB4A9DB9F129506A5B1F87 /* vg_mute_on.png */,
				9990406781542C8E155CD1F5 /* appodeal_daa_icon.png */,
				4A4242B4AED55EAF591F6E0F /* MPPlayBtn@2x.png */,
				922D4BEB9B24086EF172F188 /* appodeal_close.png */,
				4A4C4A6094FB5EF38A02A466 /* MPCloseBtn.png */,
				5A524183AED76B2BB8C5DD95 /* MPMutedBtn@2x.png */,
				DE8342D98E8131D7764D8760 /* vg_mute_off.png */,
				6BB24D5A93B27CE25FDBAA33 /* appodeal_adbadge@2x.png */,
				625442F1B04207A8DEDE7CD3 /* MPMutedBtn@1x.png */,
				69AD4F389CFEA071F66BAEBB /* MPPlayBtn@3x.png */,
				8631460B9BD9111279B4F37E /* MPAdBrowserController.nib */,
				D07B4531B05C4F6D187A3C79 /* MPCloseButtonX.png */,
				7047439C89FAA2B5412E3B17 /* appodeal_pattern.png */,
				B12349899E9BA895A466A2FC /* __vungle.db */,
				1F144362907B0C91A9CB4ABF /* MPUnmutedBtn@1x.png */,
				225249A69FD82C2413A12BD5 /* appodeal_adbadge@3x.png */,
				778E4E3EB69AB77EAF67D5CC /* vg_privacy.png */,
				A7E84F4ABE0F51AAD77609C1 /* vg_cta.png */,
				70F74F93B160EED0F617497D /* plugin_appodeal_res_bundle/AdManagerAssets.bundle/ */,
				355140348501BE297F31FEA0 /* plugin_appodeal_res_bundle/MRAID.bundle/ */,
				1ECA4610A7F65936E9D267B0 /* plugin_appodeal_res_bundle/RFMAdSDK.bundle/ */,
				58F7442D8C19A1B5EA54F783 /* plugin_appodeal_res_bundle/StartApp.bundle/ */,
				AC864A6F9EA5ED15A5D3961F /* plugin_appodeal_res_bundle/SVProgressHUD.bundle/ */,
				0BE743C18ED1ED00D5313A55 /* plugin_appodeal_res_bundle/TOWebViewControllerLocalizable.bundle/ */,
				D0D84405967705A4D56ECA6E /* plugin_appodeal_res_bundle/UnityAds.bundle/ */,
				D4DB4537B7D7153A3A606791 /* InfoPlist.strings */,
				5C78486998C4F3FFF25B6B9C /* TOWebViewControllerLocalizable.strings */,
				9EC14639B4E5E9417D8A177D /* sdkbox_config.json */,
				C74C460D9A6CEE3515C96021 /* appodeal_mute_off.png */,
				4056451091961BC1F133C6A8 /* appodeal_mute_on.png */,
				92A349FEA5C1502B9055F521 /* appodeal_close_smal.png */,
				5A83439BB23963CE4210844B /* appodeal_mute_off_small.png */,
				772F4AD7BAFCD1C370771A8B /* appodeal_mute_on_small.png */,
				0934433AB095EC0BA2290D18 /* appodeal_close_small.png */,
				9F8A48DBB09C73D13FC6FC48 /*  */,
				080948BFABF1042E02CF51FA /* Localizable.strings */,
			);
			runOnlyForDeploymentPostprocessing = 0;
		};
/* End PBXResourcesBuildPhase section */

/* Begin PBXSourcesBuildPhase section */
		1D60588E0D05DD3D006BFB54 /* Sources */ = {
			isa = PBXSourcesBuildPhase;
			buildActionMask = 2147483647;
			files = (
				46880B8819C43A87006E1F66 /* AppDelegate.cpp */,
				46880B8A19C43A87006E1F66 /* HelloWorldScene.cpp */,
				503AE10017EB989F00D1A890 /* AppController.mm */,
				503AE10217EB989F00D1A890 /* RootViewController.mm */,
				503AE10117EB989F00D1A890 /* main.m */,
			);
			runOnlyForDeploymentPostprocessing = 0;
		};
/* End PBXSourcesBuildPhase section */

/* Begin XCBuildConfiguration section */
		1D6058940D05DD3E006BFB54 /* Debug */ = {
			isa = XCBuildConfiguration;
			buildSettings = {
				ALWAYS_SEARCH_USER_PATHS = YES;
				CODE_SIGN_IDENTITY = "iPhone Developer";
				COMPRESS_PNG_FILES = NO;
				ENABLE_BITCODE = NO;
				FRAMEWORK_SEARCH_PATHS = "\"$(SRCROOT)\"";
				GCC_DYNAMIC_NO_PIC = NO;
				GCC_INLINES_ARE_PRIVATE_EXTERN = NO;
				GCC_PRECOMPILE_PREFIX_HEADER = YES;
				GCC_PREFIX_HEADER = ios/Prefix.pch;
				GCC_PREPROCESSOR_DEFINITIONS = (
					USE_FILE32API,
					CC_TARGET_OS_IPHONE,
					"COCOS2D_DEBUG=1",
					"CC_ENABLE_CHIPMUNK_INTEGRATION=1",
				);
				GCC_SYMBOLS_PRIVATE_EXTERN = NO;
				HEADER_SEARCH_PATHS = (
					"$(inherited)",
					"$(SRCROOT)/../../../sdkbox-cocos2d-x-binary/cocos/platform/ios",
					"$(SRCROOT)/../../../sdkbox-cocos2d-x-binary/cocos/platform/ios/Simulation",
				);
				INFOPLIST_FILE = ios/Info.plist;
				IPHONEOS_DEPLOYMENT_TARGET = 6.0;
				LIBRARY_SEARCH_PATHS = (
					"$(SRCROOT)/../../../sdkbox-cocos2d-x-binary/prebuilt/ios",
					"\"sdkbox.framework\"",
					"\"PluginAppodeal.framework\"",
					"\"Appodeal.framework\"",
				);
				OTHER_CFLAGS = -DSDKBOX_ENABLED;
				OTHER_LDFLAGS = (
					"$(_COCOS_LIB_IOS_BEGIN)",
					"$(_COCOS_LIB_IOS_END)",
					-ObjC,
				);
				SDKROOT = iphoneos;
				TARGETED_DEVICE_FAMILY = "1,2";
				USER_HEADER_SEARCH_PATHS = "$(_COCOS_HEADER_IOS_BEGIN) $(_COCOS_HEADER_IOS_END)";
				VALID_ARCHS = "arm64 armv7";
			};
			name = Debug;
		};
		1D6058950D05DD3E006BFB54 /* Release */ = {
			isa = XCBuildConfiguration;
			buildSettings = {
				ALWAYS_SEARCH_USER_PATHS = YES;
				CODE_SIGN_IDENTITY = "iPhone Developer";
				COMPRESS_PNG_FILES = NO;
				ENABLE_BITCODE = NO;
				FRAMEWORK_SEARCH_PATHS = "\"$(SRCROOT)\"";
				GCC_INLINES_ARE_PRIVATE_EXTERN = NO;
				GCC_PRECOMPILE_PREFIX_HEADER = YES;
				GCC_PREFIX_HEADER = ios/Prefix.pch;
				GCC_PREPROCESSOR_DEFINITIONS = (
					USE_FILE32API,
					CC_TARGET_OS_IPHONE,
					"CC_ENABLE_CHIPMUNK_INTEGRATION=1",
				);
				GCC_SYMBOLS_PRIVATE_EXTERN = NO;
				HEADER_SEARCH_PATHS = (
					"$(inherited)",
					"$(SRCROOT)/../../../sdkbox-cocos2d-x-binary/cocos/platform/ios",
					"$(SRCROOT)/../../../sdkbox-cocos2d-x-binary/cocos/platform/ios/Simulation",
				);
				INFOPLIST_FILE = ios/Info.plist;
				IPHONEOS_DEPLOYMENT_TARGET = 6.0;
				LIBRARY_SEARCH_PATHS = (
					"$(SRCROOT)/../../../sdkbox-cocos2d-x-binary/prebuilt/ios",
					"\"sdkbox.framework\"",
					"\"PluginAppodeal.framework\"",
					"\"Appodeal.framework\"",
				);
				OTHER_CFLAGS = -DSDKBOX_ENABLED;
				OTHER_LDFLAGS = (
					"$(_COCOS_LIB_IOS_BEGIN)",
					"$(_COCOS_LIB_IOS_END)",
					-ObjC,
				);
				SDKROOT = iphoneos;
				TARGETED_DEVICE_FAMILY = "1,2";
				USER_HEADER_SEARCH_PATHS = "$(_COCOS_HEADER_IOS_BEGIN) $(_COCOS_HEADER_IOS_END)";
				VALID_ARCHS = "arm64 armv7";
			};
			name = Release;
		};
		C01FCF4F08A954540054247B /* Debug */ = {
			isa = XCBuildConfiguration;
			buildSettings = {
				ARCHS = "$(ARCHS_STANDARD_32_BIT)";
				CLANG_CXX_LANGUAGE_STANDARD = "c++0x";
				CLANG_CXX_LIBRARY = "libc++";
				COPY_PHASE_STRIP = NO;
				GCC_OPTIMIZATION_LEVEL = 0;
				GCC_WARN_ABOUT_RETURN_TYPE = YES;
				GCC_WARN_UNUSED_VARIABLE = YES;
				HEADER_SEARCH_PATHS = (
					"$(SRCROOT)/../../../sdkbox-cocos2d-x-binary",
					"$(SRCROOT)/../../../sdkbox-cocos2d-x-binary/cocos",
					"$(SRCROOT)/../../../sdkbox-cocos2d-x-binary/cocos/base",
					"$(SRCROOT)/../../../sdkbox-cocos2d-x-binary/cocos/physics",
					"$(SRCROOT)/../../../sdkbox-cocos2d-x-binary/cocos/math",
					"$(SRCROOT)/../../../sdkbox-cocos2d-x-binary/cocos/2d",
					"$(SRCROOT)/../../../sdkbox-cocos2d-x-binary/cocos/ui",
					"$(SRCROOT)/../../../sdkbox-cocos2d-x-binary/cocos/network",
					"$(SRCROOT)/../../../sdkbox-cocos2d-x-binary/cocos/audio/include",
					"$(SRCROOT)/../../../sdkbox-cocos2d-x-binary/cocos/editor-support",
					"$(SRCROOT)/../../../sdkbox-cocos2d-x-binary/extensions",
					"$(SRCROOT)/../../../sdkbox-cocos2d-x-binary/external",
					"$(SRCROOT)/../../../sdkbox-cocos2d-x-binary/external/chipmunk/include/chipmunk",
				);
				IPHONEOS_DEPLOYMENT_TARGET = 6.0;
				MACOSX_DEPLOYMENT_TARGET = 10.7;
				ONLY_ACTIVE_ARCH = YES;
				PRODUCT_NAME = "$(TARGET_NAME)";
				SDKROOT = macosx;
			};
			name = Debug;
		};
		C01FCF5008A954540054247B /* Release */ = {
			isa = XCBuildConfiguration;
			buildSettings = {
				ARCHS = "$(ARCHS_STANDARD_32_BIT)";
				CLANG_CXX_LANGUAGE_STANDARD = "c++0x";
				CLANG_CXX_LIBRARY = "libc++";
				GCC_WARN_ABOUT_RETURN_TYPE = YES;
				GCC_WARN_UNUSED_VARIABLE = YES;
				HEADER_SEARCH_PATHS = (
					"$(SRCROOT)/../../../sdkbox-cocos2d-x-binary",
					"$(SRCROOT)/../../../sdkbox-cocos2d-x-binary/cocos",
					"$(SRCROOT)/../../../sdkbox-cocos2d-x-binary/cocos/base",
					"$(SRCROOT)/../../../sdkbox-cocos2d-x-binary/cocos/physics",
					"$(SRCROOT)/../../../sdkbox-cocos2d-x-binary/cocos/math",
					"$(SRCROOT)/../../../sdkbox-cocos2d-x-binary/cocos/2d",
					"$(SRCROOT)/../../../sdkbox-cocos2d-x-binary/cocos/ui",
					"$(SRCROOT)/../../../sdkbox-cocos2d-x-binary/cocos/network",
					"$(SRCROOT)/../../../sdkbox-cocos2d-x-binary/cocos/audio/include",
					"$(SRCROOT)/../../../sdkbox-cocos2d-x-binary/cocos/editor-support",
					"$(SRCROOT)/../../../sdkbox-cocos2d-x-binary/extensions",
					"$(SRCROOT)/../../../sdkbox-cocos2d-x-binary/external",
					"$(SRCROOT)/../../../sdkbox-cocos2d-x-binary/external/chipmunk/include/chipmunk",
				);
				IPHONEOS_DEPLOYMENT_TARGET = 6.0;
				MACOSX_DEPLOYMENT_TARGET = 10.7;
				OTHER_CFLAGS = "-DNS_BLOCK_ASSERTIONS=1";
				PRODUCT_NAME = "$(TARGET_NAME)";
				SDKROOT = macosx;
				VALIDATE_PRODUCT = YES;
			};
			name = Release;
		};
/* End XCBuildConfiguration section */

/* Begin XCConfigurationList section */
		1D6058960D05DD3E006BFB54 /* Build configuration list for PBXNativeTarget "appodeal_cpp-mobile" */ = {
			isa = XCConfigurationList;
			buildConfigurations = (
				1D6058940D05DD3E006BFB54 /* Debug */,
				1D6058950D05DD3E006BFB54 /* Release */,
			);
			defaultConfigurationIsVisible = 0;
			defaultConfigurationName = Debug;
		};
		C01FCF4E08A954540054247B /* Build configuration list for PBXNativeTarget "TARGET_NAME" */ = {
			isa = XCConfigurationList;
			buildConfigurations = (
				C01FCF4F08A954540054247B /* Debug */,
				C01FCF5008A954540054247B /* Release */,
			);
			defaultConfigurationIsVisible = 0;
			defaultConfigurationName = Debug;
		};
/* End XCConfigurationList section */

/* Begin PBXVariantGroup section */
		06CD4039ACA9B732755E0240 /* InfoPlist.strings */ = {
			isa = PBXVariantGroup;
			children = (
				E4A2493DA33D444AED2DAA75 /* en */,
				A0FE40C18DF53BAA292769E9 /* en */,
			);
			name = InfoPlist.strings;
			sourceTree = "<group>";
		};
		7CE44A798790F361038D470E /* Localizable.strings */ = {
			isa = PBXVariantGroup;
			children = (
				72C64FE2B89784B17070BAB5 /* en */,
				A28E454BAAFD8FA3381BAC4A /* es */,
				BE95429DAECB78D0329D3269 /* fr */,
				E6AC4C92AD69F0F5667C26CB /* ru */,
				45964DB98E941D6046AF7D9D /* uk */,
				018D4F84A45BAD2DE2C1DA4B /* zh-Hans */,
			);
			name = Localizable.strings;
			sourceTree = "<group>";
		};
		E5BD4A75BBC7B02D5536FB12 /* TOWebViewControllerLocalizable.strings */ = {
			isa = PBXVariantGroup;
			children = (
				290C48AFBC4141DEC76BF8AA /* de */,
				AE96457AA0503CDB34B28FA1 /* en */,
				05BA4B53BDEBCAB13630427F /* es */,
				EE5C4853B4ACB462C8C148D5 /* fr */,
				4B9C487BA9DFFD641BD213C2 /* ja */,
				23BF41E7BF832811A1BB113D /* ko */,
				A5E8439BB45A5825ECC98552 /* pl */,
				54814BD69B42D485E841D446 /* ru */,
				B4104088BB8A0DB7D6035261 /* uk */,
				BEE242DA992D43CEA66435DF /* zh-Hans */,
				ED86483282FB51768E149C7D /* zh-Hant */,
			);
			name = TOWebViewControllerLocalizable.strings;
			sourceTree = "<group>";
		};
/* End PBXVariantGroup section */
	};
	rootObject = 29B97313FDCFA39411CA2CEA /* Project Object */;
}